
Microsoft Visual Studio Solution File, Format Version 12.00
# Visual Studio 2017
Project("{FAE04EC0-301F-11D3-BF4B-00C04F79EFBC}") = "Unity.Postprocessing.Runtime", "Unity.Postprocessing.Runtime.csproj", "{49FCAFB7-7D0A-B3F6-2171-B4248A94EC21}"
EndProject
Project("{FAE04EC0-301F-11D3-BF4B-00C04F79EFBC}") = "Unity.TextMeshPro", "Unity.TextMeshPro.csproj", "{07A21C90-D344-AE1A-8456-9910C203B41A}"
EndProject
Project("{FAE04EC0-301F-11D3-BF4B-00C04F79EFBC}") = "BathroomCabinetProject", "BathroomCabinetProject.csproj", "{F4B7A2F0-229D-E6C2-AD1C-98C10BBC42B5}"
EndProject
Project("{FAE04EC0-301F-11D3-BF4B-00C04F79EFBC}") = "Unity.PackageManagerUI.Editor", "Unity.PackageManagerUI.Editor.csproj", "{6877705C-FBD9-0C4F-5AFB-6FB431E5D39D}"
EndProject
Project("{FAE04EC0-301F-11D3-BF4B-00C04F79EFBC}") = "BathroomCabinetProject.Editor.Plugins", "BathroomCabinetProject.Editor.Plugins.csproj", "{B5A35E47-DA3A-F51B-D759-6B506AC154E0}"
EndProject
Project("{FAE04EC0-301F-11D3-BF4B-00C04F79EFBC}") = "BathroomCabinetProject.Editor", "BathroomCabinetProject.Editor.csproj", "{D5234066-A54A-5A12-D4FE-17317BE8ED2B}"
EndProject
Project("{FAE04EC0-301F-11D3-BF4B-00C04F79EFBC}") = "Unity.Postprocessing.Editor", "Unity.Postprocessing.Editor.csproj", "{CBEC4DCB-1B2B-E03B-0387-393C59967E8B}"
EndProject
Project("{FAE04EC0-301F-11D3-BF4B-00C04F79EFBC}") = "Unity.TextMeshPro.Editor", "Unity.TextMeshPro.Editor.csproj", "{3A848AB7-9891-EDDA-D555-BF184C2F81F4}"
EndProject
Project("{FAE04EC0-301F-11D3-BF4B-00C04F79EFBC}") = "UnityEditor.StandardEvents", "UnityEditor.StandardEvents.csproj", "{6800202F-4402-D405-F8CB-03DC7BD78B92}"
EndProject
Global
	GlobalSection(SolutionConfigurationPlatforms) = preSolution
		Debug|Any CPU = Debug|Any CPU
		Release|Any CPU = Release|Any CPU
	EndGlobalSection
	GlobalSection(ProjectConfigurationPlatforms) = postSolution
		{49FCAFB7-7D0A-B3F6-2171-B4248A94EC21}.Debug|Any CPU.ActiveCfg = Debug|Any CPU
		{49FCAFB7-7D0A-B3F6-2171-B4248A94EC21}.Debug|Any CPU.Build.0 = Debug|Any CPU
		{49FCAFB7-7D0A-B3F6-2171-B4248A94EC21}.Release|Any CPU.ActiveCfg = Release|Any CPU
		{49FCAFB7-7D0A-B3F6-2171-B4248A94EC21}.Release|Any CPU.Build.0 = Release|Any CPU
		{07A21C90-D344-AE1A-8456-9910C203B41A}.Debug|Any CPU.ActiveCfg = Debug|Any CPU
		{07A21C90-D344-AE1A-8456-9910C203B41A}.Debug|Any CPU.Build.0 = Debug|Any CPU
		{07A21C90-D344-AE1A-8456-9910C203B41A}.Release|Any CPU.ActiveCfg = Release|Any CPU
		{07A21C90-D344-AE1A-8456-9910C203B41A}.Release|Any CPU.Build.0 = Release|Any CPU
		{F4B7A2F0-229D-E6C2-AD1C-98C10BBC42B5}.Debug|Any CPU.ActiveCfg = Debug|Any CPU
		{F4B7A2F0-229D-E6C2-AD1C-98C10BBC42B5}.Debug|Any CPU.Build.0 = Debug|Any CPU
		{F4B7A2F0-229D-E6C2-AD1C-98C10BBC42B5}.Release|Any CPU.ActiveCfg = Release|Any CPU
		{F4B7A2F0-229D-E6C2-AD1C-98C10BBC42B5}.Release|Any CPU.Build.0 = Release|Any CPU
		{6877705C-FBD9-0C4F-5AFB-6FB431E5D39D}.Debug|Any CPU.ActiveCfg = Debug|Any CPU
		{6877705C-FBD9-0C4F-5AFB-6FB431E5D39D}.Debug|Any CPU.Build.0 = Debug|Any CPU
		{6877705C-FBD9-0C4F-5AFB-6FB431E5D39D}.Release|Any CPU.ActiveCfg = Release|Any CPU
		{6877705C-FBD9-0C4F-5AFB-6FB431E5D39D}.Release|Any CPU.Build.0 = Release|Any CPU
		{B5A35E47-DA3A-F51B-D759-6B506AC154E0}.Debug|Any CPU.ActiveCfg = Debug|Any CPU
		{B5A35E47-DA3A-F51B-D759-6B506AC154E0}.Debug|Any CPU.Build.0 = Debug|Any CPU
		{B5A35E47-DA3A-F51B-D759-6B506AC154E0}.Release|Any CPU.ActiveCfg = Release|Any CPU
		{B5A35E47-DA3A-F51B-D759-6B506AC154E0}.Release|Any CPU.Build.0 = Release|Any CPU
		{D5234066-A54A-5A12-D4FE-17317BE8ED2B}.Debug|Any CPU.ActiveCfg = Debug|Any CPU
		{D5234066-A54A-5A12-D4FE-17317BE8ED2B}.Debug|Any CPU.Build.0 = Debug|Any CPU
		{D5234066-A54A-5A12-D4FE-17317BE8ED2B}.Release|Any CPU.ActiveCfg = Release|Any CPU
		{D5234066-A54A-5A12-D4FE-17317BE8ED2B}.Release|Any CPU.Build.0 = Release|Any CPU
		{CBEC4DCB-1B2B-E03B-0387-393C59967E8B}.Debug|Any CPU.ActiveCfg = Debug|Any CPU
		{CBEC4DCB-1B2B-E03B-0387-393C59967E8B}.Debug|Any CPU.Build.0 = Debug|Any CPU
		{CBEC4DCB-1B2B-E03B-0387-393C59967E8B}.Release|Any CPU.ActiveCfg = Release|Any CPU
		{CBEC4DCB-1B2B-E03B-0387-393C59967E8B}.Release|Any CPU.Build.0 = Release|Any CPU
		{3A848AB7-9891-EDDA-D555-BF184C2F81F4}.Debug|Any CPU.ActiveCfg = Debug|Any CPU
		{3A848AB7-9891-EDDA-D555-BF184C2F81F4}.Debug|Any CPU.Build.0 = Debug|Any CPU
		{3A848AB7-9891-EDDA-D555-BF184C2F81F4}.Release|Any CPU.ActiveCfg = Release|Any CPU
		{3A848AB7-9891-EDDA-D555-BF184C2F81F4}.Release|Any CPU.Build.0 = Release|Any CPU
		{6800202F-4402-D405-F8CB-03DC7BD78B92}.Debug|Any CPU.ActiveCfg = Debug|Any CPU
		{6800202F-4402-D405-F8CB-03DC7BD78B92}.Debug|Any CPU.Build.0 = Debug|Any CPU
		{6800202F-4402-D405-F8CB-03DC7BD78B92}.Release|Any CPU.ActiveCfg = Release|Any CPU
		{6800202F-4402-D405-F8CB-03DC7BD78B92}.Release|Any CPU.Build.0 = Release|Any CPU
	EndGlobalSection
	GlobalSection(SolutionProperties) = preSolution
		HideSolutionNode = FALSE
	EndGlobalSection
EndGlobal
